
Microsoft Visual Studio Solution File, Format Version 12.00
# Visual Studio Version 17
VisualStudioVersion = 17.6.33829.357
MinimumVisualStudioVersion = 10.0.40219.1
Project("{FAE04EC0-301F-11D3-BF4B-00C04F79EFBC}") = "YetGenAkbankJump.OOPConsole", "YetGenAkbankJump.OOPConsole\YetGenAkbankJump.OOPConsole.csproj", "{DD514E7E-5C85-49F5-9F4B-C713C49B2EBF}"
EndProject
Global
	GlobalSection(SolutionConfigurationPlatforms) = preSolution
		Debug|Any CPU = Debug|Any CPU
		Release|Any CPU = Release|Any CPU
	EndGlobalSection
	GlobalSection(ProjectConfigurationPlatforms) = postSolution
		{DD514E7E-5C85-49F5-9F4B-C713C49B2EBF}.Debug|Any CPU.ActiveCfg = Debug|Any CPU
		{DD514E7E-5C85-49F5-9F4B-C713C49B2EBF}.Debug|Any CPU.Build.0 = Debug|Any CPU
		{DD514E7E-5C85-49F5-9F4B-C713C49B2EBF}.Release|Any CPU.ActiveCfg = Release|Any CPU
		{DD514E7E-5C85-49F5-9F4B-C713C49B2EBF}.Release|Any CPU.Build.0 = Release|Any CPU
	EndGlobalSection
	GlobalSection(SolutionProperties) = preSolution
		HideSolutionNode = FALSE
	EndGlobalSection
	GlobalSection(ExtensibilityGlobals) = postSolution
		SolutionGuid = {60A3AD40-A0FA-4DEC-B359-560AFB3258C5}
	EndGlobalSection
EndGlobal
